{
  "lockfile_version": "1",
  "packages": {
    "github:NixOS/nixpkgs/nixpkgs-unstable": {
      "last_modified": "2025-09-21T00:54:27Z",
      "resolved": "github:NixOS/nixpkgs/51c8f9cfaae8306d135095bcdb3df9027f95542d?lastModified=1758416067&narHash=sha256-knH%2B3x9P5s5iscG0yBO3Zp6NlG2wao9C7emmtnZcQC4%3D"
    }
  }
}
